
Microsoft Visual Studio Solution File, Format Version 12.00
# Visual Studio Version 16
VisualStudioVersion = 16.0.31105.61
MinimumVisualStudioVersion = 10.0.40219.1
Project("{9A19103F-16F7-4668-BE54-9A1E7A4F7556}") = "Deft", "Deft\Deft.csproj", "{4A22F2ED-4855-46DB-B4CD-4EE5461E8F3B}"
EndProject
Project("{FAE04EC0-301F-11D3-BF4B-00C04F79EFBC}") = "DeftUnitTests", "DeftUnitTests\DeftUnitTests.csproj", "{5DA26388-6EB7-4BF6-8567-B52F14C5CC36}"
EndProject
Project("{9A19103F-16F7-4668-BE54-9A1E7A4F7556}") = "Deft-Test", "Deft-Test\Deft-Test.csproj", "{3A133C64-2FE7-4EAA-81EA-5CC5F19E6568}"
EndProject
Global
	GlobalSection(SolutionConfigurationPlatforms) = preSolution
		Debug|Any CPU = Debug|Any CPU
		Release|Any CPU = Release|Any CPU
	EndGlobalSection
	GlobalSection(ProjectConfigurationPlatforms) = postSolution
		{4A22F2ED-4855-46DB-B4CD-4EE5461E8F3B}.Debug|Any CPU.ActiveCfg = Debug|Any CPU
		{4A22F2ED-4855-46DB-B4CD-4EE5461E8F3B}.Debug|Any CPU.Build.0 = Debug|Any CPU
		{4A22F2ED-4855-46DB-B4CD-4EE5461E8F3B}.Release|Any CPU.ActiveCfg = Release|Any CPU
		{4A22F2ED-4855-46DB-B4CD-4EE5461E8F3B}.Release|Any CPU.Build.0 = Release|Any CPU
		{3A133C64-2FE7-4EAA-81EA-5CC5F19E6568}.Debug|Any CPU.ActiveCfg = Debug|Any CPU
		{3A133C64-2FE7-4EAA-81EA-5CC5F19E6568}.Debug|Any CPU.Build.0 = Debug|Any CPU
		{3A133C64-2FE7-4EAA-81EA-5CC5F19E6568}.Release|Any CPU.ActiveCfg = Release|Any CPU
		{3A133C64-2FE7-4EAA-81EA-5CC5F19E6568}.Release|Any CPU.Build.0 = Release|Any CPU
		{5DA26388-6EB7-4BF6-8567-B52F14C5CC36}.Debug|Any CPU.ActiveCfg = Debug|Any CPU
		{5DA26388-6EB7-4BF6-8567-B52F14C5CC36}.Debug|Any CPU.Build.0 = Debug|Any CPU
		{5DA26388-6EB7-4BF6-8567-B52F14C5CC36}.Release|Any CPU.ActiveCfg = Release|Any CPU
		{5DA26388-6EB7-4BF6-8567-B52F14C5CC36}.Release|Any CPU.Build.0 = Release|Any CPU
	EndGlobalSection
	GlobalSection(SolutionProperties) = preSolution
		HideSolutionNode = FALSE
	EndGlobalSection
	GlobalSection(ExtensibilityGlobals) = postSolution
		SolutionGuid = {E2F2ABD0-E333-4A17-9881-CDC332304CF8}
	EndGlobalSection
EndGlobal
